{
  "name": "abap-prtotobuf",
  "version": "1.0.0",
  "lockfileVersion": 2,
  "requires": true,
  "packages": {
    "": {
      "name": "abap-prtotobuf",
      "version": "1.0.0",
      "license": "MIT",
      "devDependencies": {
        "@abaplint/cli": "^2.93.31",
        "@abaplint/runtime": "^2.1.77",
        "@abaplint/transpiler-cli": "^2.1.77"
      }
    },
    "node_modules/@abaplint/cli": {
      "version": "2.93.31",
      "resolved": "https://registry.npmjs.org/@abaplint/cli/-/cli-2.93.31.tgz",
      "integrity": "sha512-s4Qjo/zIyPMSczdeyY5RWaJyNFSiTdrNBKHsmVkK2KtIvKRfY9OjR9b0vbXWaXfZ+EGYRymaU5dT6CoK71e2Hw==",
      "dev": true,
      "bin": {
        "abaplint": "abaplint"
      },
      "engines": {
        "node": ">=12.0.0"
      }
    },
    "node_modules/@abaplint/runtime": {
      "version": "2.1.77",
      "resolved": "https://registry.npmjs.org/@abaplint/runtime/-/runtime-2.1.77.tgz",
      "integrity": "sha512-jxTCkAHh1ov1YZeou7eWSn4BvcqNnBSAAGXr+882EM4t0QxV1+0q0tJn8gClsonC37nmV74qmd/LUcR9dHVcyQ==",
      "dev": true,
      "dependencies": {
        "temporal-polyfill": "^0.0.8"
      }
    },
    "node_modules/@abaplint/transpiler-cli": {
      "version": "2.1.77",
      "resolved": "https://registry.npmjs.org/@abaplint/transpiler-cli/-/transpiler-cli-2.1.77.tgz",
      "integrity": "sha512-njbsMfEBqE0YI959W3wJVTAS/4KRkuI69HKdw9RFFVZyo/TviE5mRbL4rAp1QifzLEb7gItj4dyfsWTmEBI5cQ==",
      "dev": true,
      "bin": {
        "abap_transpile": "abap_transpile"
      }
    },
    "node_modules/temporal-polyfill": {
      "version": "0.0.8",
      "resolved": "https://registry.npmjs.org/temporal-polyfill/-/temporal-polyfill-0.0.8.tgz",
      "integrity": "sha512-IuA8GhS1PRC04H/zVNAIxJvCZQum6V5HjqFj7gz1a3SMUf/Kf1xIXILNYtxrWYnGqIU/RrDRxlCKCm/vmqnBvw==",
      "dev": true,
      "dependencies": {
        "temporal-spec": "0.0.3"
      }
    },
    "node_modules/temporal-spec": {
      "version": "0.0.3",
      "resolved": "https://registry.npmjs.org/temporal-spec/-/temporal-spec-0.0.3.tgz",
      "integrity": "sha512-gJu7QRqn5c2vTSkYWGC4qz1i+FZ9C+Cz16UIBMRcjgXOsHfXeSIgaWUKeq/2rz1iNfFxvmF/ywqbfC6ggTpjkA==",
      "dev": true
    }
  },
  "dependencies": {
    "@abaplint/cli": {
      "version": "2.93.31",
      "resolved": "https://registry.npmjs.org/@abaplint/cli/-/cli-2.93.31.tgz",
      "integrity": "sha512-s4Qjo/zIyPMSczdeyY5RWaJyNFSiTdrNBKHsmVkK2KtIvKRfY9OjR9b0vbXWaXfZ+EGYRymaU5dT6CoK71e2Hw==",
      "dev": true
    },
    "@abaplint/runtime": {
      "version": "2.1.77",
      "resolved": "https://registry.npmjs.org/@abaplint/runtime/-/runtime-2.1.77.tgz",
      "integrity": "sha512-jxTCkAHh1ov1YZeou7eWSn4BvcqNnBSAAGXr+882EM4t0QxV1+0q0tJn8gClsonC37nmV74qmd/LUcR9dHVcyQ==",
      "dev": true,
      "requires": {
        "temporal-polyfill": "^0.0.8"
      }
    },
    "@abaplint/transpiler-cli": {
      "version": "2.1.77",
      "resolved": "https://registry.npmjs.org/@abaplint/transpiler-cli/-/transpiler-cli-2.1.77.tgz",
      "integrity": "sha512-njbsMfEBqE0YI959W3wJVTAS/4KRkuI69HKdw9RFFVZyo/TviE5mRbL4rAp1QifzLEb7gItj4dyfsWTmEBI5cQ==",
      "dev": true
    },
    "temporal-polyfill": {
      "version": "0.0.8",
      "resolved": "https://registry.npmjs.org/temporal-polyfill/-/temporal-polyfill-0.0.8.tgz",
      "integrity": "sha512-IuA8GhS1PRC04H/zVNAIxJvCZQum6V5HjqFj7gz1a3SMUf/Kf1xIXILNYtxrWYnGqIU/RrDRxlCKCm/vmqnBvw==",
      "dev": true,
      "requires": {
        "temporal-spec": "0.0.3"
      }
    },
    "temporal-spec": {
      "version": "0.0.3",
      "resolved": "https://registry.npmjs.org/temporal-spec/-/temporal-spec-0.0.3.tgz",
      "integrity": "sha512-gJu7QRqn5c2vTSkYWGC4qz1i+FZ9C+Cz16UIBMRcjgXOsHfXeSIgaWUKeq/2rz1iNfFxvmF/ywqbfC6ggTpjkA==",
      "dev": true
    }
  }
}
