{
  "name": "abap-prtotobuf",
  "version": "1.0.0",
  "lockfileVersion": 1,
  "requires": true,
  "dependencies": {
    "@abaplint/cli": {
      "version": "2.79.4",
      "resolved": "https://registry.npmjs.org/@abaplint/cli/-/cli-2.79.4.tgz",
      "integrity": "sha512-lpPvmzWa9L1VDba9gLdNBb2qzDiuXIPixruBBuiJ4nOcBEVSVB2S0l6xz+UG8de1qZaZBYBr/hsP4Oai9hKkng==",
      "dev": true
    },
    "@abaplint/runtime": {
      "version": "1.6.30",
      "resolved": "https://registry.npmjs.org/@abaplint/runtime/-/runtime-1.6.30.tgz",
      "integrity": "sha512-GjSmj1V5WDK6vt4errJUBGNX2eEcTZ3MEwpmbr/+dtzXs15YNa0dmU2b5ePRKhHpqE14xSlianPgfBhJgCrFWw==",
      "dev": true,
      "requires": {
        "sql.js": "^1.6.1"
      }
    },
    "@abaplint/transpiler-cli": {
      "version": "1.6.30",
      "resolved": "https://registry.npmjs.org/@abaplint/transpiler-cli/-/transpiler-cli-1.6.30.tgz",
      "integrity": "sha512-u/SLO8DDSB8OaFNod0ymKML4Vfi4Se3FZUFOT8a5ejVJUrM1ds60+K9BiWOsV1yaCXDEdIao8nx9wjnRqh1dew==",
      "dev": true
    },
    "sql.js": {
      "version": "1.6.1",
      "resolved": "https://registry.npmjs.org/sql.js/-/sql.js-1.6.1.tgz",
      "integrity": "sha512-mQTboXfaaYsqG6leg2tYHppHPShHFDP+vtPjyTBrOCM//8XvnK/OfVYQahS3g6ArvO2a6lvBsHy8w/qZ9a12DQ==",
      "dev": true
    }
  }
}
