{
  "name": "abap-prtotobuf",
  "version": "1.0.0",
  "lockfileVersion": 1,
  "requires": true,
  "dependencies": {
    "@abaplint/cli": {
      "version": "2.79.3",
      "resolved": "https://registry.npmjs.org/@abaplint/cli/-/cli-2.79.3.tgz",
      "integrity": "sha512-BG0mzEOIUCGElXAoymBnZtPx4WEhvOpGsIcLSFC5raydBxQ1sKVcCGrbf3rwr1efpV09jrjaIJxdXA+bygmQ3g==",
      "dev": true
    },
    "@abaplint/runtime": {
      "version": "1.6.29",
      "resolved": "https://registry.npmjs.org/@abaplint/runtime/-/runtime-1.6.29.tgz",
      "integrity": "sha512-R/lo4y+uAs2Cm8ZIVj2ADhT2C2NZ83dIkkF6Cn1gCJSR5qic6Pbaz2bO7Cze+18XKwEAU5GKkmCJv/gk9Vsl0g==",
      "dev": true,
      "requires": {
        "sql.js": "^1.6.1"
      }
    },
    "@abaplint/transpiler-cli": {
      "version": "1.6.29",
      "resolved": "https://registry.npmjs.org/@abaplint/transpiler-cli/-/transpiler-cli-1.6.29.tgz",
      "integrity": "sha512-QTo3umFB/kDOg4Ko13kQo59QEG09NwmAiNXNu7Iz8fWBU7oREbnSDfLngTP5c5ooSIwaKtN/gLHqbUb/Tdu1Kw==",
      "dev": true
    },
    "sql.js": {
      "version": "1.6.1",
      "resolved": "https://registry.npmjs.org/sql.js/-/sql.js-1.6.1.tgz",
      "integrity": "sha512-mQTboXfaaYsqG6leg2tYHppHPShHFDP+vtPjyTBrOCM//8XvnK/OfVYQahS3g6ArvO2a6lvBsHy8w/qZ9a12DQ==",
      "dev": true
    }
  }
}
